# This file is generated by running "yarn install" inside your project.
# Manual changes might be lost - proceed with caution!

__metadata:
  version: 5
  cacheKey: 8

"fonteditor-core@npm:^2.1.8":
  version: 2.1.8
  resolution: "fonteditor-core@npm:2.1.8"
  dependencies:
    xmldom: ^0.5.0
  checksum: ac66bc1519a47f8089278b3741180239e0179a781d060765ca4d08b1e8f792734d5dfae823b0433e9e8d463a1cedbb63f815799ef6056098dbf784ad6e9bf0ed
  languageName: node
  linkType: hard

"webfontconv@workspace:.":
  version: 0.0.0-use.local
  resolution: "webfontconv@workspace:."
  dependencies:
    fonteditor-core: ^2.1.8
  languageName: unknown
  linkType: soft

"xmldom@npm:^0.5.0":
  version: 0.5.0
  resolution: "xmldom@npm:0.5.0"
  checksum: 6afbfc9f4de847d1e12a3a95e393750a55f6b074881cd3c6192c99421a8548b0687b7851113d6318ff0121615674d3b064924f1c478da1c840757626bdfe4c18
  languageName: node
  linkType: hard
